
Microsoft Visual Studio Solution File, Format Version 12.00
# Visual Studio Version 16
VisualStudioVersion = 16.0.30128.74
MinimumVisualStudioVersion = 10.0.40219.1
Project("{FAE04EC0-301F-11D3-BF4B-00C04F79EFBC}") = "Config", "Config\Config.csproj", "{60C16FC7-AFA4-478A-B76F-1C7E9B04342B}"
EndProject
Project("{FAE04EC0-301F-11D3-BF4B-00C04F79EFBC}") = "LogRecorder", "LogRecorder\LogRecorder.csproj", "{FE0D7344-9A08-4C93-B039-13E480793EC1}"
EndProject
Project("{FAE04EC0-301F-11D3-BF4B-00C04F79EFBC}") = "UI_Start", "UI_Start\UI_Start.csproj", "{BD797450-EF89-4A03-97B6-97F968AB3B32}"
EndProject
Project("{FAE04EC0-301F-11D3-BF4B-00C04F79EFBC}") = "UI_ChineseCheckers", "UI_ChineseCheckers\UI_ChineseCheckers.csproj", "{84943FB7-FF5B-4B9D-A647-B056A4245A90}"
	ProjectSection(ProjectDependencies) = postProject
		{B497E221-F4AD-4DC5-9EE4-73797478E019} = {B497E221-F4AD-4DC5-9EE4-73797478E019}
		{FE0D7344-9A08-4C93-B039-13E480793EC1} = {FE0D7344-9A08-4C93-B039-13E480793EC1}
		{60C16FC7-AFA4-478A-B76F-1C7E9B04342B} = {60C16FC7-AFA4-478A-B76F-1C7E9B04342B}
	EndProjectSection
EndProject
Project("{FAE04EC0-301F-11D3-BF4B-00C04F79EFBC}") = "GameCore_ChineseCheckers", "GameCore_ChineseCheckers\GameCore_ChineseCheckers.csproj", "{B497E221-F4AD-4DC5-9EE4-73797478E019}"
	ProjectSection(ProjectDependencies) = postProject
		{FE0D7344-9A08-4C93-B039-13E480793EC1} = {FE0D7344-9A08-4C93-B039-13E480793EC1}
		{60C16FC7-AFA4-478A-B76F-1C7E9B04342B} = {60C16FC7-AFA4-478A-B76F-1C7E9B04342B}
	EndProjectSection
EndProject
Project("{FAE04EC0-301F-11D3-BF4B-00C04F79EFBC}") = "UI_Blokus", "UI_Blokus\UI_Blokus.csproj", "{A9F6F3E5-C27F-4D42-A23E-F562314E3AB5}"
EndProject
Project("{FAE04EC0-301F-11D3-BF4B-00C04F79EFBC}") = "GameCore_Blokus", "GameCore_Blokus\GameCore_Blokus.csproj", "{D9C38E30-213A-4122-B56A-DAB03D11C49E}"
EndProject
Global
	GlobalSection(SolutionConfigurationPlatforms) = preSolution
		Debug|Any CPU = Debug|Any CPU
		Debug|ARM = Debug|ARM
		Debug|ARM64 = Debug|ARM64
		Debug|x64 = Debug|x64
		Debug|x86 = Debug|x86
		Release|Any CPU = Release|Any CPU
		Release|ARM = Release|ARM
		Release|ARM64 = Release|ARM64
		Release|x64 = Release|x64
		Release|x86 = Release|x86
	EndGlobalSection
	GlobalSection(ProjectConfigurationPlatforms) = postSolution
		{60C16FC7-AFA4-478A-B76F-1C7E9B04342B}.Debug|Any CPU.ActiveCfg = Debug|Any CPU
		{60C16FC7-AFA4-478A-B76F-1C7E9B04342B}.Debug|Any CPU.Build.0 = Debug|Any CPU
		{60C16FC7-AFA4-478A-B76F-1C7E9B04342B}.Debug|ARM.ActiveCfg = Debug|Any CPU
		{60C16FC7-AFA4-478A-B76F-1C7E9B04342B}.Debug|ARM.Build.0 = Debug|Any CPU
		{60C16FC7-AFA4-478A-B76F-1C7E9B04342B}.Debug|ARM64.ActiveCfg = Debug|Any CPU
		{60C16FC7-AFA4-478A-B76F-1C7E9B04342B}.Debug|ARM64.Build.0 = Debug|Any CPU
		{60C16FC7-AFA4-478A-B76F-1C7E9B04342B}.Debug|x64.ActiveCfg = Debug|Any CPU
		{60C16FC7-AFA4-478A-B76F-1C7E9B04342B}.Debug|x64.Build.0 = Debug|Any CPU
		{60C16FC7-AFA4-478A-B76F-1C7E9B04342B}.Debug|x86.ActiveCfg = Debug|Any CPU
		{60C16FC7-AFA4-478A-B76F-1C7E9B04342B}.Debug|x86.Build.0 = Debug|Any CPU
		{60C16FC7-AFA4-478A-B76F-1C7E9B04342B}.Release|Any CPU.ActiveCfg = Release|Any CPU
		{60C16FC7-AFA4-478A-B76F-1C7E9B04342B}.Release|Any CPU.Build.0 = Release|Any CPU
		{60C16FC7-AFA4-478A-B76F-1C7E9B04342B}.Release|ARM.ActiveCfg = Release|Any CPU
		{60C16FC7-AFA4-478A-B76F-1C7E9B04342B}.Release|ARM.Build.0 = Release|Any CPU
		{60C16FC7-AFA4-478A-B76F-1C7E9B04342B}.Release|ARM64.ActiveCfg = Release|Any CPU
		{60C16FC7-AFA4-478A-B76F-1C7E9B04342B}.Release|ARM64.Build.0 = Release|Any CPU
		{60C16FC7-AFA4-478A-B76F-1C7E9B04342B}.Release|x64.ActiveCfg = Release|x64
		{60C16FC7-AFA4-478A-B76F-1C7E9B04342B}.Release|x64.Build.0 = Release|x64
		{60C16FC7-AFA4-478A-B76F-1C7E9B04342B}.Release|x86.ActiveCfg = Release|Any CPU
		{60C16FC7-AFA4-478A-B76F-1C7E9B04342B}.Release|x86.Build.0 = Release|Any CPU
		{FE0D7344-9A08-4C93-B039-13E480793EC1}.Debug|Any CPU.ActiveCfg = Debug|Any CPU
		{FE0D7344-9A08-4C93-B039-13E480793EC1}.Debug|Any CPU.Build.0 = Debug|Any CPU
		{FE0D7344-9A08-4C93-B039-13E480793EC1}.Debug|ARM.ActiveCfg = Debug|Any CPU
		{FE0D7344-9A08-4C93-B039-13E480793EC1}.Debug|ARM.Build.0 = Debug|Any CPU
		{FE0D7344-9A08-4C93-B039-13E480793EC1}.Debug|ARM64.ActiveCfg = Debug|Any CPU
		{FE0D7344-9A08-4C93-B039-13E480793EC1}.Debug|ARM64.Build.0 = Debug|Any CPU
		{FE0D7344-9A08-4C93-B039-13E480793EC1}.Debug|x64.ActiveCfg = Debug|Any CPU
		{FE0D7344-9A08-4C93-B039-13E480793EC1}.Debug|x64.Build.0 = Debug|Any CPU
		{FE0D7344-9A08-4C93-B039-13E480793EC1}.Debug|x86.ActiveCfg = Debug|Any CPU
		{FE0D7344-9A08-4C93-B039-13E480793EC1}.Debug|x86.Build.0 = Debug|Any CPU
		{FE0D7344-9A08-4C93-B039-13E480793EC1}.Release|Any CPU.ActiveCfg = Release|Any CPU
		{FE0D7344-9A08-4C93-B039-13E480793EC1}.Release|Any CPU.Build.0 = Release|Any CPU
		{FE0D7344-9A08-4C93-B039-13E480793EC1}.Release|ARM.ActiveCfg = Release|Any CPU
		{FE0D7344-9A08-4C93-B039-13E480793EC1}.Release|ARM.Build.0 = Release|Any CPU
		{FE0D7344-9A08-4C93-B039-13E480793EC1}.Release|ARM64.ActiveCfg = Release|Any CPU
		{FE0D7344-9A08-4C93-B039-13E480793EC1}.Release|ARM64.Build.0 = Release|Any CPU
		{FE0D7344-9A08-4C93-B039-13E480793EC1}.Release|x64.ActiveCfg = Release|Any CPU
		{FE0D7344-9A08-4C93-B039-13E480793EC1}.Release|x64.Build.0 = Release|Any CPU
		{FE0D7344-9A08-4C93-B039-13E480793EC1}.Release|x86.ActiveCfg = Release|Any CPU
		{FE0D7344-9A08-4C93-B039-13E480793EC1}.Release|x86.Build.0 = Release|Any CPU
		{BD797450-EF89-4A03-97B6-97F968AB3B32}.Debug|Any CPU.ActiveCfg = Debug|Any CPU
		{BD797450-EF89-4A03-97B6-97F968AB3B32}.Debug|Any CPU.Build.0 = Debug|Any CPU
		{BD797450-EF89-4A03-97B6-97F968AB3B32}.Debug|ARM.ActiveCfg = Debug|Any CPU
		{BD797450-EF89-4A03-97B6-97F968AB3B32}.Debug|ARM.Build.0 = Debug|Any CPU
		{BD797450-EF89-4A03-97B6-97F968AB3B32}.Debug|ARM64.ActiveCfg = Debug|Any CPU
		{BD797450-EF89-4A03-97B6-97F968AB3B32}.Debug|ARM64.Build.0 = Debug|Any CPU
		{BD797450-EF89-4A03-97B6-97F968AB3B32}.Debug|x64.ActiveCfg = Debug|Any CPU
		{BD797450-EF89-4A03-97B6-97F968AB3B32}.Debug|x64.Build.0 = Debug|Any CPU
		{BD797450-EF89-4A03-97B6-97F968AB3B32}.Debug|x86.ActiveCfg = Debug|Any CPU
		{BD797450-EF89-4A03-97B6-97F968AB3B32}.Debug|x86.Build.0 = Debug|Any CPU
		{BD797450-EF89-4A03-97B6-97F968AB3B32}.Release|Any CPU.ActiveCfg = Release|Any CPU
		{BD797450-EF89-4A03-97B6-97F968AB3B32}.Release|Any CPU.Build.0 = Release|Any CPU
		{BD797450-EF89-4A03-97B6-97F968AB3B32}.Release|ARM.ActiveCfg = Release|Any CPU
		{BD797450-EF89-4A03-97B6-97F968AB3B32}.Release|ARM.Build.0 = Release|Any CPU
		{BD797450-EF89-4A03-97B6-97F968AB3B32}.Release|ARM64.ActiveCfg = Release|Any CPU
		{BD797450-EF89-4A03-97B6-97F968AB3B32}.Release|ARM64.Build.0 = Release|Any CPU
		{BD797450-EF89-4A03-97B6-97F968AB3B32}.Release|x64.ActiveCfg = Release|Any CPU
		{BD797450-EF89-4A03-97B6-97F968AB3B32}.Release|x64.Build.0 = Release|Any CPU
		{BD797450-EF89-4A03-97B6-97F968AB3B32}.Release|x86.ActiveCfg = Release|Any CPU
		{BD797450-EF89-4A03-97B6-97F968AB3B32}.Release|x86.Build.0 = Release|Any CPU
		{84943FB7-FF5B-4B9D-A647-B056A4245A90}.Debug|Any CPU.ActiveCfg = Debug|Any CPU
		{84943FB7-FF5B-4B9D-A647-B056A4245A90}.Debug|Any CPU.Build.0 = Debug|Any CPU
		{84943FB7-FF5B-4B9D-A647-B056A4245A90}.Debug|ARM.ActiveCfg = Debug|Any CPU
		{84943FB7-FF5B-4B9D-A647-B056A4245A90}.Debug|ARM.Build.0 = Debug|Any CPU
		{84943FB7-FF5B-4B9D-A647-B056A4245A90}.Debug|ARM64.ActiveCfg = Debug|Any CPU
		{84943FB7-FF5B-4B9D-A647-B056A4245A90}.Debug|ARM64.Build.0 = Debug|Any CPU
		{84943FB7-FF5B-4B9D-A647-B056A4245A90}.Debug|x64.ActiveCfg = Debug|Any CPU
		{84943FB7-FF5B-4B9D-A647-B056A4245A90}.Debug|x64.Build.0 = Debug|Any CPU
		{84943FB7-FF5B-4B9D-A647-B056A4245A90}.Debug|x86.ActiveCfg = Debug|Any CPU
		{84943FB7-FF5B-4B9D-A647-B056A4245A90}.Debug|x86.Build.0 = Debug|Any CPU
		{84943FB7-FF5B-4B9D-A647-B056A4245A90}.Release|Any CPU.ActiveCfg = Release|Any CPU
		{84943FB7-FF5B-4B9D-A647-B056A4245A90}.Release|Any CPU.Build.0 = Release|Any CPU
		{84943FB7-FF5B-4B9D-A647-B056A4245A90}.Release|ARM.ActiveCfg = Release|Any CPU
		{84943FB7-FF5B-4B9D-A647-B056A4245A90}.Release|ARM.Build.0 = Release|Any CPU
		{84943FB7-FF5B-4B9D-A647-B056A4245A90}.Release|ARM64.ActiveCfg = Release|Any CPU
		{84943FB7-FF5B-4B9D-A647-B056A4245A90}.Release|ARM64.Build.0 = Release|Any CPU
		{84943FB7-FF5B-4B9D-A647-B056A4245A90}.Release|x64.ActiveCfg = Release|Any CPU
		{84943FB7-FF5B-4B9D-A647-B056A4245A90}.Release|x64.Build.0 = Release|Any CPU
		{84943FB7-FF5B-4B9D-A647-B056A4245A90}.Release|x86.ActiveCfg = Release|Any CPU
		{84943FB7-FF5B-4B9D-A647-B056A4245A90}.Release|x86.Build.0 = Release|Any CPU
		{B497E221-F4AD-4DC5-9EE4-73797478E019}.Debug|Any CPU.ActiveCfg = Debug|Any CPU
		{B497E221-F4AD-4DC5-9EE4-73797478E019}.Debug|Any CPU.Build.0 = Debug|Any CPU
		{B497E221-F4AD-4DC5-9EE4-73797478E019}.Debug|ARM.ActiveCfg = Debug|Any CPU
		{B497E221-F4AD-4DC5-9EE4-73797478E019}.Debug|ARM.Build.0 = Debug|Any CPU
		{B497E221-F4AD-4DC5-9EE4-73797478E019}.Debug|ARM64.ActiveCfg = Debug|Any CPU
		{B497E221-F4AD-4DC5-9EE4-73797478E019}.Debug|ARM64.Build.0 = Debug|Any CPU
		{B497E221-F4AD-4DC5-9EE4-73797478E019}.Debug|x64.ActiveCfg = Debug|Any CPU
		{B497E221-F4AD-4DC5-9EE4-73797478E019}.Debug|x64.Build.0 = Debug|Any CPU
		{B497E221-F4AD-4DC5-9EE4-73797478E019}.Debug|x86.ActiveCfg = Debug|Any CPU
		{B497E221-F4AD-4DC5-9EE4-73797478E019}.Debug|x86.Build.0 = Debug|Any CPU
		{B497E221-F4AD-4DC5-9EE4-73797478E019}.Release|Any CPU.ActiveCfg = Release|Any CPU
		{B497E221-F4AD-4DC5-9EE4-73797478E019}.Release|Any CPU.Build.0 = Release|Any CPU
		{B497E221-F4AD-4DC5-9EE4-73797478E019}.Release|ARM.ActiveCfg = Release|Any CPU
		{B497E221-F4AD-4DC5-9EE4-73797478E019}.Release|ARM.Build.0 = Release|Any CPU
		{B497E221-F4AD-4DC5-9EE4-73797478E019}.Release|ARM64.ActiveCfg = Release|Any CPU
		{B497E221-F4AD-4DC5-9EE4-73797478E019}.Release|ARM64.Build.0 = Release|Any CPU
		{B497E221-F4AD-4DC5-9EE4-73797478E019}.Release|x64.ActiveCfg = Release|Any CPU
		{B497E221-F4AD-4DC5-9EE4-73797478E019}.Release|x64.Build.0 = Release|Any CPU
		{B497E221-F4AD-4DC5-9EE4-73797478E019}.Release|x86.ActiveCfg = Release|Any CPU
		{B497E221-F4AD-4DC5-9EE4-73797478E019}.Release|x86.Build.0 = Release|Any CPU
		{A9F6F3E5-C27F-4D42-A23E-F562314E3AB5}.Debug|Any CPU.ActiveCfg = Debug|Any CPU
		{A9F6F3E5-C27F-4D42-A23E-F562314E3AB5}.Debug|Any CPU.Build.0 = Debug|Any CPU
		{A9F6F3E5-C27F-4D42-A23E-F562314E3AB5}.Debug|ARM.ActiveCfg = Debug|Any CPU
		{A9F6F3E5-C27F-4D42-A23E-F562314E3AB5}.Debug|ARM.Build.0 = Debug|Any CPU
		{A9F6F3E5-C27F-4D42-A23E-F562314E3AB5}.Debug|ARM64.ActiveCfg = Debug|Any CPU
		{A9F6F3E5-C27F-4D42-A23E-F562314E3AB5}.Debug|ARM64.Build.0 = Debug|Any CPU
		{A9F6F3E5-C27F-4D42-A23E-F562314E3AB5}.Debug|x64.ActiveCfg = Debug|x64
		{A9F6F3E5-C27F-4D42-A23E-F562314E3AB5}.Debug|x64.Build.0 = Debug|x64
		{A9F6F3E5-C27F-4D42-A23E-F562314E3AB5}.Debug|x86.ActiveCfg = Debug|Any CPU
		{A9F6F3E5-C27F-4D42-A23E-F562314E3AB5}.Debug|x86.Build.0 = Debug|Any CPU
		{A9F6F3E5-C27F-4D42-A23E-F562314E3AB5}.Release|Any CPU.ActiveCfg = Release|Any CPU
		{A9F6F3E5-C27F-4D42-A23E-F562314E3AB5}.Release|Any CPU.Build.0 = Release|Any CPU
		{A9F6F3E5-C27F-4D42-A23E-F562314E3AB5}.Release|ARM.ActiveCfg = Release|Any CPU
		{A9F6F3E5-C27F-4D42-A23E-F562314E3AB5}.Release|ARM.Build.0 = Release|Any CPU
		{A9F6F3E5-C27F-4D42-A23E-F562314E3AB5}.Release|ARM64.ActiveCfg = Release|Any CPU
		{A9F6F3E5-C27F-4D42-A23E-F562314E3AB5}.Release|ARM64.Build.0 = Release|Any CPU
		{A9F6F3E5-C27F-4D42-A23E-F562314E3AB5}.Release|x64.ActiveCfg = Release|x64
		{A9F6F3E5-C27F-4D42-A23E-F562314E3AB5}.Release|x64.Build.0 = Release|x64
		{A9F6F3E5-C27F-4D42-A23E-F562314E3AB5}.Release|x86.ActiveCfg = Release|Any CPU
		{A9F6F3E5-C27F-4D42-A23E-F562314E3AB5}.Release|x86.Build.0 = Release|Any CPU
		{D9C38E30-213A-4122-B56A-DAB03D11C49E}.Debug|Any CPU.ActiveCfg = Debug|Any CPU
		{D9C38E30-213A-4122-B56A-DAB03D11C49E}.Debug|Any CPU.Build.0 = Debug|Any CPU
		{D9C38E30-213A-4122-B56A-DAB03D11C49E}.Debug|ARM.ActiveCfg = Debug|Any CPU
		{D9C38E30-213A-4122-B56A-DAB03D11C49E}.Debug|ARM.Build.0 = Debug|Any CPU
		{D9C38E30-213A-4122-B56A-DAB03D11C49E}.Debug|ARM64.ActiveCfg = Debug|Any CPU
		{D9C38E30-213A-4122-B56A-DAB03D11C49E}.Debug|ARM64.Build.0 = Debug|Any CPU
		{D9C38E30-213A-4122-B56A-DAB03D11C49E}.Debug|x64.ActiveCfg = Debug|Any CPU
		{D9C38E30-213A-4122-B56A-DAB03D11C49E}.Debug|x64.Build.0 = Debug|Any CPU
		{D9C38E30-213A-4122-B56A-DAB03D11C49E}.Debug|x86.ActiveCfg = Debug|Any CPU
		{D9C38E30-213A-4122-B56A-DAB03D11C49E}.Debug|x86.Build.0 = Debug|Any CPU
		{D9C38E30-213A-4122-B56A-DAB03D11C49E}.Release|Any CPU.ActiveCfg = Release|Any CPU
		{D9C38E30-213A-4122-B56A-DAB03D11C49E}.Release|Any CPU.Build.0 = Release|Any CPU
		{D9C38E30-213A-4122-B56A-DAB03D11C49E}.Release|ARM.ActiveCfg = Release|Any CPU
		{D9C38E30-213A-4122-B56A-DAB03D11C49E}.Release|ARM.Build.0 = Release|Any CPU
		{D9C38E30-213A-4122-B56A-DAB03D11C49E}.Release|ARM64.ActiveCfg = Release|Any CPU
		{D9C38E30-213A-4122-B56A-DAB03D11C49E}.Release|ARM64.Build.0 = Release|Any CPU
		{D9C38E30-213A-4122-B56A-DAB03D11C49E}.Release|x64.ActiveCfg = Release|Any CPU
		{D9C38E30-213A-4122-B56A-DAB03D11C49E}.Release|x64.Build.0 = Release|Any CPU
		{D9C38E30-213A-4122-B56A-DAB03D11C49E}.Release|x86.ActiveCfg = Release|Any CPU
		{D9C38E30-213A-4122-B56A-DAB03D11C49E}.Release|x86.Build.0 = Release|Any CPU
	EndGlobalSection
	GlobalSection(SolutionProperties) = preSolution
		HideSolutionNode = FALSE
	EndGlobalSection
	GlobalSection(ExtensibilityGlobals) = postSolution
		SolutionGuid = {C740C62E-DE8F-46E3-8A88-B92CB75E3108}
	EndGlobalSection
EndGlobal
